<Solution>
  <!-- SharpIB — Billing Application -->
  <Project Path="SharpIB.Domain/SharpIB.Domain.csproj" />
  <Project Path="SharpIB.Application/SharpIB.Application.csproj" />
  <Project Path="SharpIB.Infrastructure/SharpIB.Infrastructure.csproj" />
  <Project Path="SharpIB.UI/SharpIB.UI.csproj" />
  <Project Path="Site/site.csproj" />
</Solution>
