<Solution>
  <Project Path="TaskManager.Application/TaskManager.Application.csproj" />
  <Project Path="TaskManager.Domain/TaskManager.Domain.csproj" />
  <Project Path="TaskManager.Infrastructure/TaskManager.Infrastructure.csproj" />
  <Project Path="TaskManager.UI/TaskManager.UI.csproj" />
</Solution>
